<Solution>
  <!-- <Folder Name="/REFs/">
    <Project Path="../FastEndpoints/Src/Messaging/Messaging.Core/FastEndpoints.Messaging.Core.csproj" />
    <Project Path="../FastEndpoints/Src/Messaging/Messaging.Remote.Core/FastEndpoints.Messaging.Remote.Core.csproj" />
    <Project Path="../FastEndpoints/Src/Messaging/Messaging.Remote.Testing/FastEndpoints.Messaging.Remote.Testing.csproj" />
    <Project Path="../FastEndpoints/Src/Messaging/Messaging.Remote/FastEndpoints.Messaging.Remote.csproj" />
  </Folder> -->
  <Folder Name="/Source/">
    <Project Path="Source/Client/StoreFront.csproj" />
    <Project Path="Source/Contracts/Contracts.csproj" />
    <Project Path="Source/Server/Warehouse.csproj" />
  </Folder>
  <Folder Name="/Test/">
    <Project Path="Test/Test.csproj" />
  </Folder>
</Solution>
